
Microsoft Visual Studio Solution File, Format Version 12.00
# Visual Studio Version 16
VisualStudioVersion = 16.0.28922.388
MinimumVisualStudioVersion = 10.0.40219.1
Project("{888888A0-9F3D-457C-B088-3A5042F75D52}") = "src", "src.pyproj", "{DC1AEF66-B52D-4F4E-BF1E-BD20A2BE567B}"
EndProject
Global
	GlobalSection(SolutionConfigurationPlatforms) = preSolution
		Debug|Any CPU = Debug|Any CPU
		Release|Any CPU = Release|Any CPU
	EndGlobalSection
	GlobalSection(ProjectConfigurationPlatforms) = postSolution
		{DC1AEF66-B52D-4F4E-BF1E-BD20A2BE567B}.Debug|Any CPU.ActiveCfg = Debug|Any CPU
		{DC1AEF66-B52D-4F4E-BF1E-BD20A2BE567B}.Release|Any CPU.ActiveCfg = Release|Any CPU
	EndGlobalSection
	GlobalSection(SolutionProperties) = preSolution
		HideSolutionNode = FALSE
	EndGlobalSection
	GlobalSection(ExtensibilityGlobals) = postSolution
		SolutionGuid = {A2FE32D6-FFA5-47A3-BC8E-B88DDE2F3561}
	EndGlobalSection
EndGlobal
